uuid: 7c9a400a-ca38-4fc2-bcd6-c0f6edb9c59c
langcode: en
status: true
dependencies:
  module:
    - advanced_search
    - context
    - islandora
  theme:
    - bartik
id: bartik_solrsearchcontentadvancedsearchforblock
theme: bartik
region: header
weight: -15
provider: null
plugin: 'advanced_search_block:solr_search_content__block_1'
settings:
  id: 'advanced_search_block:solr_search_content__block_1'
  label: 'Search within Collection'
  label_display: visible
  provider: advanced_search
  fields:
    - title_aggregated_fulltext
    - abstract_description_fulltext
    - linked_agent_name_fulltext
  context_filter: field_member_of
visibility:
  context_all:
    id: context_all
    negate: null
    values: collection
  media_source_mimetype:
    id: media_source_mimetype
    negate: false
    context_mapping: {  }
    mimetype: ''
